<Solution>
  <Folder Name="/src/">
    <Project Path="src/ProPDF.Core/ProPDF.Core.csproj" />
    <Project Path="src/ProPDF.Rendering.Skia/ProPDF.Rendering.Skia.csproj" />
    <Project Path="src/ProPDF.Engine.PdfPig/ProPDF.Engine.PdfPig.csproj" />
  </Folder>
  <Folder Name="/tests/">
    <Project Path="tests/ProPDF.Tests/ProPDF.Tests.csproj" />
  </Folder>
</Solution>
